github.com/3nueves/serial v0.0.0-20180830185346-98f6abe2eb07 h1:7B6Md0FAGe3kHPm49LP7oeRcpPwcA7A25DBbnDwPW7M=
github.com/3nueves/serial v0.0.0-20180830185346-98f6abe2eb07/go.mod h1:KtPGfC6XeoHDK7a8S9xca7HFqBTLRhDu2VGHloGJZYA=
github.com/godbus/dbus v4.1.0+incompatible h1:WqqLRTsQic3apZUK9qC5sGNfXthmPXzUZ7nQPrNITa4=
github.com/godbus/dbus v4.1.0+incompatible/go.mod h1:/YcGZj5zSblfDWMMoOzV4fas9FZnQYTkDnsGvmh2Grw=
golang.org/x/sys v0.0.0-20210320140829-1e4c9ba3b0c4 h1:EZ2mChiOa8udjfp6rRmswTbtZN/QzUQp4ptM4rnjHvc=
golang.org/x/sys v0.0.0-20210320140829-1e4c9ba3b0c4/go.mod h1:h1NjWce9XRLGQEsW7wpKNCjG9DtNlClVuFLEZdDNbEs=
